
Microsoft Visual Studio Solution File, Format Version 12.00
# Visual Studio Version 17
VisualStudioVersion = 17.11.35327.3
MinimumVisualStudioVersion = 10.0.40219.1
Project("{FAE04EC0-301F-11D3-BF4B-00C04F79EFBC}") = "SnakesAndLadders.RestApi", "SnakesAndLadders.RestApi\SnakesAndLadders.RestApi.csproj", "{3A4395DF-DA1C-4D2F-BC38-7E148B595003}"
EndProject
Global
	GlobalSection(SolutionConfigurationPlatforms) = preSolution
		Debug|Any CPU = Debug|Any CPU
		Release|Any CPU = Release|Any CPU
	EndGlobalSection
	GlobalSection(ProjectConfigurationPlatforms) = postSolution
		{3A4395DF-DA1C-4D2F-BC38-7E148B595003}.Debug|Any CPU.ActiveCfg = Debug|Any CPU
		{3A4395DF-DA1C-4D2F-BC38-7E148B595003}.Debug|Any CPU.Build.0 = Debug|Any CPU
		{3A4395DF-DA1C-4D2F-BC38-7E148B595003}.Release|Any CPU.ActiveCfg = Release|Any CPU
		{3A4395DF-DA1C-4D2F-BC38-7E148B595003}.Release|Any CPU.Build.0 = Release|Any CPU
	EndGlobalSection
	GlobalSection(SolutionProperties) = preSolution
		HideSolutionNode = FALSE
	EndGlobalSection
	GlobalSection(ExtensibilityGlobals) = postSolution
		SolutionGuid = {1BA6E1DF-B8B9-4422-9C85-3C4BC513EF97}
	EndGlobalSection
EndGlobal
